// !$*UTF8*$!
{
	archiveVersion = 1;
	classes = {
	};
	objectVersion = 46;
	objects = {

/* Begin PBXBuildFile section */
		1570CB5B42B94FFF15221EF4 /* Pods_BootstrapSwift3Tests.framework in Frameworks */ = {isa = PBXBuildFile; fileRef = 120D422CEE4BE28E8E311C81 /* Pods_BootstrapSwift3Tests.framework */; };
		D44D1F1F1D9EC5E2006DCD0C /* AppDelegate.swift in Sources */ = {isa = PBXBuildFile; fileRef = D44D1F1E1D9EC5E2006DCD0C /* AppDelegate.swift */; };
		D44D1F211D9EC5E2006DCD0C /* ViewController.swift in Sources */ = {isa = PBXBuildFile; fileRef = D44D1F201D9EC5E2006DCD0C /* ViewController.swift */; };
		D44D1F241D9EC5E2006DCD0C /* Main.storyboard in Resources */ = {isa = PBXBuildFile; fileRef = D44D1F221D9EC5E2006DCD0C /* Main.storyboard */; };
		D44D1F261D9EC5E2006DCD0C /* Assets.xcassets in Resources */ = {isa = PBXBuildFile; fileRef = D44D1F251D9EC5E2006DCD0C /* Assets.xcassets */; };
		D44D1F291D9EC5E2006DCD0C /* LaunchScreen.storyboard in Resources */ = {isa = PBXBuildFile; fileRef = D44D1F271D9EC5E2006DCD0C /* LaunchScreen.storyboard */; };
		D44D1F341D9EC5E2006DCD0C /* BootstrapSwift3Tests.swift in Sources */ = {isa = PBXBuildFile; fileRef = D44D1F331D9EC5E2006DCD0C /* BootstrapSwift3Tests.swift */; };
/* End PBXBuildFile section */

/* Begin PBXContainerItemProxy section */
		D44D1F301D9EC5E2006DCD0C /* PBXContainerItemProxy */ = {
			isa = PBXContainerItemProxy;
			containerPortal = D44D1F131D9EC5E2006DCD0C /* Project object */;
			proxyType = 1;
			remoteGlobalIDString = D44D1F1A1D9EC5E2006DCD0C;
			remoteInfo = BootstrapSwift3;
		};
/* End PBXContainerItemProxy section */

/* Begin PBXFileReference section */
		0EA178AE5888039B4255A641 /* Pods-BootstrapSwift3Tests.debug.xcconfig */ = {isa = PBXFileReference; includeInIndex = 1; lastKnownFileType = text.xcconfig; name = "Pods-BootstrapSwift3Tests.debug.xcconfig"; path = "Pods/Target Support Files/Pods-BootstrapSwift3Tests/Pods-BootstrapSwift3Tests.debug.xcconfig"; sourceTree = "<group>"; };
		120D422CEE4BE28E8E311C81 /* Pods_BootstrapSwift3Tests.framework */ = {isa = PBXFileReference; explicitFileType = wrapper.framework; includeInIndex = 0; path = Pods_BootstrapSwift3Tests.framework; sourceTree = BUILT_PRODUCTS_DIR; };
		C8DA2479F191E810014B7D10 /* Pods-BootstrapSwift3Tests.release.xcconfig */ = {isa = PBXFileReference; includeInIndex = 1; lastKnownFileType = text.xcconfig; name = "Pods-BootstrapSwift3Tests.release.xcconfig"; path = "Pods/Target Support Files/Pods-BootstrapSwift3Tests/Pods-BootstrapSwift3Tests.release.xcconfig"; sourceTree = "<group>"; };
		D44D1F1B1D9EC5E2006DCD0C /* BootstrapSwift3.app */ = {isa = PBXFileReference; explicitFileType = wrapper.application; includeInIndex = 0; path = BootstrapSwift3.app; sourceTree = BUILT_PRODUCTS_DIR; };
		D44D1F1E1D9EC5E2006DCD0C /* AppDelegate.swift */ = {isa = PBXFileReference; lastKnownFileType = sourcecode.swift; path = AppDelegate.swift; sourceTree = "<group>"; };
		D44D1F201D9EC5E2006DCD0C /* ViewController.swift */ = {isa = PBXFileReference; lastKnownFileType = sourcecode.swift; path = ViewController.swift; sourceTree = "<group>"; };
		D44D1F231D9EC5E2006DCD0C /* Base */ = {isa = PBXFileReference; lastKnownFileType = file.storyboard; name = Base; path = Base.lproj/Main.storyboard; sourceTree = "<group>"; };
		D44D1F251D9EC5E2006DCD0C /* Assets.xcassets */ = {isa = PBXFileReference; lastKnownFileType = folder.assetcatalog; path = Assets.xcassets; sourceTree = "<group>"; };
		D44D1F281D9EC5E2006DCD0C /* Base */ = {isa = PBXFileReference; lastKnownFileType = file.storyboard; name = Base; path = Base.lproj/LaunchScreen.storyboard; sourceTree = "<group>"; };
		D44D1F2A1D9EC5E2006DCD0C /* Info.plist */ = {isa = PBXFileReference; lastKnownFileType = text.plist.xml; path = Info.plist; sourceTree = "<group>"; };
		D44D1F2F1D9EC5E2006DCD0C /* BootstrapSwift3Tests.xctest */ = {isa = PBXFileReference; explicitFileType = wrapper.cfbundle; includeInIndex = 0; path = BootstrapSwift3Tests.xctest; sourceTree = BUILT_PRODUCTS_DIR; };
		D44D1F331D9EC5E2006DCD0C /* BootstrapSwift3Tests.swift */ = {isa = PBXFileReference; lastKnownFileType = sourcecode.swift; path = BootstrapSwift3Tests.swift; sourceTree = "<group>"; };
		D44D1F351D9EC5E2006DCD0C /* Info.plist */ = {isa = PBXFileReference; lastKnownFileType = text.plist.xml; path = Info.plist; sourceTree = "<group>"; };
/* End PBXFileReference section */

/* Begin PBXFrameworksBuildPhase section */
		D44D1F181D9EC5E2006DCD0C /* Frameworks */ = {
			isa = PBXFrameworksBuildPhase;
			buildActionMask = 2147483647;
			files = (
			);
			runOnlyForDeploymentPostprocessing = 0;
		};
		D44D1F2C1D9EC5E2006DCD0C /* Frameworks */ = {
			isa = PBXFrameworksBuildPhase;
			buildActionMask = 2147483647;
			files = (
				1570CB5B42B94FFF15221EF4 /* Pods_BootstrapSwift3Tests.framework in Frameworks */,
			);
			runOnlyForDeploymentPostprocessing = 0;
		};
/* End PBXFrameworksBuildPhase section */

/* Begin PBXGroup section */
		49EBE687629ECA9DAF40A59A /* Frameworks */ = {
			isa = PBXGroup;
			children = (
				120D422CEE4BE28E8E311C81 /* Pods_BootstrapSwift3Tests.framework */,
			);
			name = Frameworks;
			sourceTree = "<group>";
		};
		4E497D5B8CA2CD7BA7458BC9 /* Pods */ = {
			isa = PBXGroup;
			children = (
				0EA178AE5888039B4255A641 /* Pods-BootstrapSwift3Tests.debug.xcconfig */,
				C8DA2479F191E810014B7D10 /* Pods-BootstrapSwift3Tests.release.xcconfig */,
			);
			name = Pods;
			sourceTree = "<group>";
		};
		D44D1F121D9EC5E2006DCD0C = {
			isa = PBXGroup;
			children = (
				D44D1F1D1D9EC5E2006DCD0C /* BootstrapSwift3 */,
				D44D1F321D9EC5E2006DCD0C /* BootstrapSwift3Tests */,
				D44D1F1C1D9EC5E2006DCD0C /* Products */,
				4E497D5B8CA2CD7BA7458BC9 /* Pods */,
				49EBE687629ECA9DAF40A59A /* Frameworks */,
			);
			sourceTree = "<group>";
		};
		D44D1F1C1D9EC5E2006DCD0C /* Products */ = {
			isa = PBXGroup;
			children = (
				D44D1F1B1D9EC5E2006DCD0C /* BootstrapSwift3.app */,
				D44D1F2F1D9EC5E2006DCD0C /* BootstrapSwift3Tests.xctest */,
			);
			name = Products;
			sourceTree = "<group>";
		};
		D44D1F1D1D9EC5E2006DCD0C /* BootstrapSwift3 */ = {
			isa = PBXGroup;
			children = (
				D44D1F1E1D9EC5E2006DCD0C /* AppDelegate.swift */,
				D44D1F201D9EC5E2006DCD0C /* ViewController.swift */,
				D44D1F221D9EC5E2006DCD0C /* Main.storyboard */,
				D44D1F251D9EC5E2006DCD0C /* Assets.xcassets */,
				D44D1F271D9EC5E2006DCD0C /* LaunchScreen.storyboard */,
				D44D1F2A1D9EC5E2006DCD0C /* Info.plist */,
			);
			path = BootstrapSwift3;
			sourceTree = "<group>";
		};
		D44D1F321D9EC5E2006DCD0C /* BootstrapSwift3Tests */ = {
			isa = PBXGroup;
			children = (
				D44D1F331D9EC5E2006DCD0C /* BootstrapSwift3Tests.swift */,
				D44D1F351D9EC5E2006DCD0C /* Info.plist */,
			);
			path = BootstrapSwift3Tests;
			sourceTree = "<group>";
		};
/* End PBXGroup section */

/* Begin PBXNativeTarget section */
		D44D1F1A1D9EC5E2006DCD0C /* BootstrapSwift3 */ = {
			isa = PBXNativeTarget;
			buildConfigurationList = D44D1F381D9EC5E2006DCD0C /* Build configuration list for PBXNativeTarget "BootstrapSwift3" */;
			buildPhases = (
				D44D1F171D9EC5E2006DCD0C /* Sources */,
				D44D1F181D9EC5E2006DCD0C /* Frameworks */,
				D44D1F191D9EC5E2006DCD0C /* Resources */,
			);
			buildRules = (
			);
			dependencies = (
			);
			name = BootstrapSwift3;
			productName = BootstrapSwift3;
			productReference = D44D1F1B1D9EC5E2006DCD0C /* BootstrapSwift3.app */;
			productType = "com.apple.product-type.application";
		};
		D44D1F2E1D9EC5E2006DCD0C /* BootstrapSwift3Tests */ = {
			isa = PBXNativeTarget;
			buildConfigurationList = D44D1F3B1D9EC5E2006DCD0C /* Build configuration list for PBXNativeTarget "BootstrapSwift3Tests" */;
			buildPhases = (
				984D067F7DC4194B50D80211 /* [CP] Check Pods Manifest.lock */,
				D44D1F2B1D9EC5E2006DCD0C /* Sources */,
				D44D1F2C1D9EC5E2006DCD0C /* Frameworks */,
				D44D1F2D1D9EC5E2006DCD0C /* Resources */,
				A4551A720B701A27AF8313EE /* [CP] Embed Pods Frameworks */,
				9DC59A0527715580EA6D7FD8 /* [CP] Copy Pods Resources */,
			);
			buildRules = (
			);
			dependencies = (
				D44D1F311D9EC5E2006DCD0C /* PBXTargetDependency */,
			);
			name = BootstrapSwift3Tests;
			productName = BootstrapSwift3Tests;
			productReference = D44D1F2F1D9EC5E2006DCD0C /* BootstrapSwift3Tests.xctest */;
			productType = "com.apple.product-type.bundle.unit-test";
		};
/* End PBXNativeTarget section */

/* Begin PBXProject section */
		D44D1F131D9EC5E2006DCD0C /* Project object */ = {
			isa = PBXProject;
			attributes = {
				LastSwiftUpdateCheck = 0800;
				LastUpgradeCheck = 0800;
				TargetAttributes = {
					D44D1F1A1D9EC5E2006DCD0C = {
						CreatedOnToolsVersion = 8.0;
						ProvisioningStyle = Automatic;
					};
					D44D1F2E1D9EC5E2006DCD0C = {
						CreatedOnToolsVersion = 8.0;
						ProvisioningStyle = Automatic;
						TestTargetID = D44D1F1A1D9EC5E2006DCD0C;
					};
				};
			};
			buildConfigurationList = D44D1F161D9EC5E2006DCD0C /* Build configuration list for PBXProject "BootstrapSwift3" */;
			compatibilityVersion = "Xcode 3.2";
			developmentRegion = English;
			hasScannedForEncodings = 0;
			knownRegions = (
				en,
				Base,
			);
			mainGroup = D44D1F121D9EC5E2006DCD0C;
			productRefGroup = D44D1F1C1D9EC5E2006DCD0C /* Products */;
			projectDirPath = "";
			projectRoot = "";
			targets = (
				D44D1F1A1D9EC5E2006DCD0C /* BootstrapSwift3 */,
				D44D1F2E1D9EC5E2006DCD0C /* BootstrapSwift3Tests */,
			);
		};
/* End PBXProject section */

/* Begin PBXResourcesBuildPhase section */
		D44D1F191D9EC5E2006DCD0C /* Resources */ = {
			isa = PBXResourcesBuildPhase;
			buildActionMask = 2147483647;
			files = (
				D44D1F291D9EC5E2006DCD0C /* LaunchScreen.storyboard in Resources */,
				D44D1F261D9EC5E2006DCD0C /* Assets.xcassets in Resources */,
				D44D1F241D9EC5E2006DCD0C /* Main.storyboard in Resources */,
			);
			runOnlyForDeploymentPostprocessing = 0;
		};
		D44D1F2D1D9EC5E2006DCD0C /* Resources */ = {
			isa = PBXResourcesBuildPhase;
			buildActionMask = 2147483647;
			files = (
			);
			runOnlyForDeploymentPostprocessing = 0;
		};
/* End PBXResourcesBuildPhase section */

/* Begin PBXShellScriptBuildPhase section */
		984D067F7DC4194B50D80211 /* [CP] Check Pods Manifest.lock */ = {
			isa = PBXShellScriptBuildPhase;
			buildActionMask = 2147483647;
			files = (
			);
			inputPaths = (
			);
			name = "[CP] Check Pods Manifest.lock";
			outputPaths = (
			);
			runOnlyForDeploymentPostprocessing = 0;
			shellPath = /bin/sh;
			shellScript = "diff \"${PODS_ROOT}/../Podfile.lock\" \"${PODS_ROOT}/Manifest.lock\" > /dev/null\nif [ $? != 0 ] ; then\n    # print error to STDERR\n    echo \"error: The sandbox is not in sync with the Podfile.lock. Run 'pod install' or update your CocoaPods installation.\" >&2\n    exit 1\nfi\n";
			showEnvVarsInLog = 0;
		};
		9DC59A0527715580EA6D7FD8 /* [CP] Copy Pods Resources */ = {
			isa = PBXShellScriptBuildPhase;
			buildActionMask = 2147483647;
			files = (
			);
			inputPaths = (
			);
			name = "[CP] Copy Pods Resources";
			outputPaths = (
			);
			runOnlyForDeploymentPostprocessing = 0;
			shellPath = /bin/sh;
			shellScript = "\"${SRCROOT}/Pods/Target Support Files/Pods-BootstrapSwift3Tests/Pods-BootstrapSwift3Tests-resources.sh\"\n";
			showEnvVarsInLog = 0;
		};
		A4551A720B701A27AF8313EE /* [CP] Embed Pods Frameworks */ = {
			isa = PBXShellScriptBuildPhase;
			buildActionMask = 2147483647;
			files = (
			);
			inputPaths = (
			);
			name = "[CP] Embed Pods Frameworks";
			outputPaths = (
			);
			runOnlyForDeploymentPostprocessing = 0;
			shellPath = /bin/sh;
			shellScript = "\"${SRCROOT}/Pods/Target Support Files/Pods-BootstrapSwift3Tests/Pods-BootstrapSwift3Tests-frameworks.sh\"\n";
			showEnvVarsInLog = 0;
		};
/* End PBXShellScriptBuildPhase section */

/* Begin PBXSourcesBuildPhase section */
		D44D1F171D9EC5E2006DCD0C /* Sources */ = {
			isa = PBXSourcesBuildPhase;
			buildActionMask = 2147483647;
			files = (
				D44D1F211D9EC5E2006DCD0C /* ViewController.swift in Sources */,
				D44D1F1F1D9EC5E2006DCD0C /* AppDelegate.swift in Sources */,
			);
			runOnlyForDeploymentPostprocessing = 0;
		};
		D44D1F2B1D9EC5E2006DCD0C /* Sources */ = {
			isa = PBXSourcesBuildPhase;
			buildActionMask = 2147483647;
			files = (
				D44D1F341D9EC5E2006DCD0C /* BootstrapSwift3Tests.swift in Sources */,
			);
			runOnlyForDeploymentPostprocessing = 0;
		};
/* End PBXSourcesBuildPhase section */

/* Begin PBXTargetDependency section */
		D44D1F311D9EC5E2006DCD0C /* PBXTargetDependency */ = {
			isa = PBXTargetDependency;
			target = D44D1F1A1D9EC5E2006DCD0C /* BootstrapSwift3 */;
			targetProxy = D44D1F301D9EC5E2006DCD0C /* PBXContainerItemProxy */;
		};
/* End PBXTargetDependency section */

/* Begin PBXVariantGroup section */
		D44D1F221D9EC5E2006DCD0C /* Main.storyboard */ = {
			isa = PBXVariantGroup;
			children = (
				D44D1F231D9EC5E2006DCD0C /* Base */,
			);
			name = Main.storyboard;
			sourceTree = "<group>";
		};
		D44D1F271D9EC5E2006DCD0C /* LaunchScreen.storyboard */ = {
			isa = PBXVariantGroup;
			children = (
				D44D1F281D9EC5E2006DCD0C /* Base */,
			);
			name = LaunchScreen.storyboard;
			sourceTree = "<group>";
		};
/* End PBXVariantGroup section */

/* Begin XCBuildConfiguration section */
		D44D1F361D9EC5E2006DCD0C /* Debug */ = {
			isa = XCBuildConfiguration;
			buildSettings = {
				ALWAYS_EMBED_SWIFT_STANDARD_LIBRARIES = "$(inherited)";
				ALWAYS_SEARCH_USER_PATHS = NO;
				CLANG_ANALYZER_NONNULL = YES;
				CLANG_CXX_LANGUAGE_STANDARD = "gnu++0x";
				CLANG_CXX_LIBRARY = "libc++";
				CLANG_ENABLE_MODULES = YES;
				CLANG_ENABLE_OBJC_ARC = YES;
				CLANG_WARN_BOOL_CONVERSION = YES;
				CLANG_WARN_CONSTANT_CONVERSION = YES;
				CLANG_WARN_DIRECT_OBJC_ISA_USAGE = YES_ERROR;
				CLANG_WARN_DOCUMENTATION_COMMENTS = YES;
				CLANG_WARN_EMPTY_BODY = YES;
				CLANG_WARN_ENUM_CONVERSION = YES;
				CLANG_WARN_INFINITE_RECURSION = YES;
				CLANG_WARN_INT_CONVERSION = YES;
				CLANG_WARN_OBJC_ROOT_CLASS = YES_ERROR;
				CLANG_WARN_SUSPICIOUS_MOVES = YES;
				CLANG_WARN_UNREACHABLE_CODE = YES;
				CLANG_WARN__DUPLICATE_METHOD_MATCH = YES;
				"CODE_SIGN_IDENTITY[sdk=iphoneos*]" = "iPhone Developer";
				COPY_PHASE_STRIP = NO;
				DEBUG_INFORMATION_FORMAT = dwarf;
				ENABLE_STRICT_OBJC_MSGSEND = YES;
				ENABLE_TESTABILITY = YES;
				GCC_C_LANGUAGE_STANDARD = gnu99;
				GCC_DYNAMIC_NO_PIC = NO;
				GCC_NO_COMMON_BLOCKS = YES;
				GCC_OPTIMIZATION_LEVEL = 0;
				GCC_PREPROCESSOR_DEFINITIONS = (
					"DEBUG=1",
					"$(inherited)",
				);
				GCC_WARN_64_TO_32_BIT_CONVERSION = YES;
				GCC_WARN_ABOUT_RETURN_TYPE = YES_ERROR;
				GCC_WARN_UNDECLARED_SELECTOR = YES;
				GCC_WARN_UNINITIALIZED_AUTOS = YES_AGGRESSIVE;
				GCC_WARN_UNUSED_FUNCTION = YES;
				GCC_WARN_UNUSED_VARIABLE = YES;
				IPHONEOS_DEPLOYMENT_TARGET = 10.0;
				MTL_ENABLE_DEBUG_INFO = YES;
				ONLY_ACTIVE_ARCH = YES;
				SDKROOT = iphoneos;
				SWIFT_ACTIVE_COMPILATION_CONDITIONS = DEBUG;
				SWIFT_OPTIMIZATION_LEVEL = "-Onone";
			};
			name = Debug;
		};
		D44D1F371D9EC5E2006DCD0C /* Release */ = {
			isa = XCBuildConfiguration;
			buildSettings = {
				ALWAYS_EMBED_SWIFT_STANDARD_LIBRARIES = "$(inherited)";
				ALWAYS_SEARCH_USER_PATHS = NO;
				CLANG_ANALYZER_NONNULL = YES;
				CLANG_CXX_LANGUAGE_STANDARD = "gnu++0x";
				CLANG_CXX_LIBRARY = "libc++";
				CLANG_ENABLE_MODULES = YES;
				CLANG_ENABLE_OBJC_ARC = YES;
				CLANG_WARN_BOOL_CONVERSION = YES;
				CLANG_WARN_CONSTANT_CONVERSION = YES;
				CLANG_WARN_DIRECT_OBJC_ISA_USAGE = YES_ERROR;
				CLANG_WARN_DOCUMENTATION_COMMENTS = YES;
				CLANG_WARN_EMPTY_BODY = YES;
				CLANG_WARN_ENUM_CONVERSION = YES;
				CLANG_WARN_INFINITE_RECURSION = YES;
				CLANG_WARN_INT_CONVERSION = YES;
				CLANG_WARN_OBJC_ROOT_CLASS = YES_ERROR;
				CLANG_WARN_SUSPICIOUS_MOVES = YES;
				CLANG_WARN_UNREACHABLE_CODE = YES;
				CLANG_WARN__DUPLICATE_METHOD_MATCH = YES;
				"CODE_SIGN_IDENTITY[sdk=iphoneos*]" = "iPhone Developer";
				COPY_PHASE_STRIP = NO;
				DEBUG_INFORMATION_FORMAT = "dwarf-with-dsym";
				ENABLE_NS_ASSERTIONS = NO;
				ENABLE_STRICT_OBJC_MSGSEND = YES;
				GCC_C_LANGUAGE_STANDARD = gnu99;
				GCC_NO_COMMON_BLOCKS = YES;
				GCC_WARN_64_TO_32_BIT_CONVERSION = YES;
				GCC_WARN_ABOUT_RETURN_TYPE = YES_ERROR;
				GCC_WARN_UNDECLARED_SELECTOR = YES;
				GCC_WARN_UNINITIALIZED_AUTOS = YES_AGGRESSIVE;
				GCC_WARN_UNUSED_FUNCTION = YES;
				GCC_WARN_UNUSED_VARIABLE = YES;
				IPHONEOS_DEPLOYMENT_TARGET = 10.0;
				MTL_ENABLE_DEBUG_INFO = NO;
				SDKROOT = iphoneos;
				SWIFT_OPTIMIZATION_LEVEL = "-Owholemodule";
				VALIDATE_PRODUCT = YES;
			};
			name = Release;
		};
		D44D1F391D9EC5E2006DCD0C /* Debug */ = {
			isa = XCBuildConfiguration;
			buildSettings = {
				ASSETCATALOG_COMPILER_APPICON_NAME = AppIcon;
				INFOPLIST_FILE = BootstrapSwift3/Info.plist;
				LD_RUNPATH_SEARCH_PATHS = "$(inherited) @executable_path/Frameworks";
				PRODUCT_BUNDLE_IDENTIFIER = net.artsy.BootstrapSwift3;
				PRODUCT_NAME = "$(TARGET_NAME)";
				SWIFT_VERSION = 3.0;
			};
			name = Debug;
		};
		D44D1F3A1D9EC5E2006DCD0C /* Release */ = {
			isa = XCBuildConfiguration;
			buildSettings = {
				ASSETCATALOG_COMPILER_APPICON_NAME = AppIcon;
				INFOPLIST_FILE = BootstrapSwift3/Info.plist;
				LD_RUNPATH_SEARCH_PATHS = "$(inherited) @executable_path/Frameworks";
				PRODUCT_BUNDLE_IDENTIFIER = net.artsy.BootstrapSwift3;
				PRODUCT_NAME = "$(TARGET_NAME)";
				SWIFT_VERSION = 3.0;
			};
			name = Release;
		};
		D44D1F3C1D9EC5E2006DCD0C /* Debug */ = {
			isa = XCBuildConfiguration;
			baseConfigurationReference = 0EA178AE5888039B4255A641 /* Pods-BootstrapSwift3Tests.debug.xcconfig */;
			buildSettings = {
				ALWAYS_EMBED_SWIFT_STANDARD_LIBRARIES = "$(inherited)";
				BUNDLE_LOADER = "$(TEST_HOST)";
				INFOPLIST_FILE = BootstrapSwift3Tests/Info.plist;
				LD_RUNPATH_SEARCH_PATHS = "$(inherited) @executable_path/Frameworks @loader_path/Frameworks";
				PRODUCT_BUNDLE_IDENTIFIER = net.artsy.BootstrapSwift3Tests;
				PRODUCT_NAME = "$(TARGET_NAME)";
				SWIFT_VERSION = 3.0;
				TEST_HOST = "$(BUILT_PRODUCTS_DIR)/BootstrapSwift3.app/BootstrapSwift3";
			};
			name = Debug;
		};
		D44D1F3D1D9EC5E2006DCD0C /* Release */ = {
			isa = XCBuildConfiguration;
			baseConfigurationReference = C8DA2479F191E810014B7D10 /* Pods-BootstrapSwift3Tests.release.xcconfig */;
			buildSettings = {
				ALWAYS_EMBED_SWIFT_STANDARD_LIBRARIES = "$(inherited)";
				BUNDLE_LOADER = "$(TEST_HOST)";
				INFOPLIST_FILE = BootstrapSwift3Tests/Info.plist;
				LD_RUNPATH_SEARCH_PATHS = "$(inherited) @executable_path/Frameworks @loader_path/Frameworks";
				PRODUCT_BUNDLE_IDENTIFIER = net.artsy.BootstrapSwift3Tests;
				PRODUCT_NAME = "$(TARGET_NAME)";
				SWIFT_VERSION = 3.0;
				TEST_HOST = "$(BUILT_PRODUCTS_DIR)/BootstrapSwift3.app/BootstrapSwift3";
			};
			name = Release;
		};
/* End XCBuildConfiguration section */

/* Begin XCConfigurationList section */
		D44D1F161D9EC5E2006DCD0C /* Build configuration list for PBXProject "BootstrapSwift3" */ = {
			isa = XCConfigurationList;
			buildConfigurations = (
				D44D1F361D9EC5E2006DCD0C /* Debug */,
				D44D1F371D9EC5E2006DCD0C /* Release */,
			);
			defaultConfigurationIsVisible = 0;
			defaultConfigurationName = Release;
		};
		D44D1F381D9EC5E2006DCD0C /* Build configuration list for PBXNativeTarget "BootstrapSwift3" */ = {
			isa = XCConfigurationList;
			buildConfigurations = (
				D44D1F391D9EC5E2006DCD0C /* Debug */,
				D44D1F3A1D9EC5E2006DCD0C /* Release */,
			);
			defaultConfigurationIsVisible = 0;
			defaultConfigurationName = Release;
		};
		D44D1F3B1D9EC5E2006DCD0C /* Build configuration list for PBXNativeTarget "BootstrapSwift3Tests" */ = {
			isa = XCConfigurationList;
			buildConfigurations = (
				D44D1F3C1D9EC5E2006DCD0C /* Debug */,
				D44D1F3D1D9EC5E2006DCD0C /* Release */,
			);
			defaultConfigurationIsVisible = 0;
			defaultConfigurationName = Release;
		};
/* End XCConfigurationList section */
	};
	rootObject = D44D1F131D9EC5E2006DCD0C /* Project object */;
}
