PODS:
  - Artsy+UIColors (1.0.0):
    - EDColor (~> 0.4)
  - EDColor (0.4.0)
  - FBSnapshotTestCase (2.0.7):
    - FBSnapshotTestCase/SwiftSupport (= 2.0.7)
  - FBSnapshotTestCase/Core (2.0.7)
  - FBSnapshotTestCase/SwiftSupport (2.0.7):
    - FBSnapshotTestCase/Core
  - Nimble (3.0.0)
  - Nimble-Snapshots (2.0.1):
    - FBSnapshotTestCase (~> 2.0.7)
    - Nimble
    - Quick
  - Quick (0.8.0)

DEPENDENCIES:
  - Artsy+UIColors
  - Nimble-Snapshots (from `../`)

EXTERNAL SOURCES:
  Nimble-Snapshots:
    :path: "../"

SPEC CHECKSUMS:
  Artsy+UIColors: 7a4c987885a8d8da3e22672a3232761f929dd2b6
  EDColor: 89d19a013279a5604d61650721c15f20fefaaf00
  FBSnapshotTestCase: 7e85180d0d141a0cf472352edda7e80d7eaeb547
  Nimble: 4c353d43735b38b545cbb4cb91504588eb5de926
  Nimble-Snapshots: 0f2d25f78dab59b4cff34d126bf77c0e4c3a3289
  Quick: 563d0f6ec5f72e394645adb377708639b7dd38ab

COCOAPODS: 0.39.0
