PODS:
  - FBSnapshotTestCase (2.1.4):
    - FBSnapshotTestCase/SwiftSupport (= 2.1.4)
  - FBSnapshotTestCase/Core (2.1.4)
  - FBSnapshotTestCase/SwiftSupport (2.1.4):
    - FBSnapshotTestCase/Core
  - Forgeries (1.0.0):
    - Forgeries/Core (= 1.0.0)
  - Forgeries/Core (1.0.0)
  - Nimble (6.1.0)
  - Nimble-Snapshots/Core (4.4.2):
    - FBSnapshotTestCase (~> 2.0)
    - Nimble
    - Quick
  - Nimble-Snapshots/DynamicSize (4.4.2):
    - Nimble-Snapshots/Core
  - Nimble-Snapshots/DynamicType (4.4.2):
    - Nimble-Snapshots/Core
    - OCMock (~> 3.3)
  - OCMock (3.4)
  - Quick (1.1.0)

DEPENDENCIES:
  - FBSnapshotTestCase (from `https://github.com/facebook/ios-snapshot-test-case.git`)
  - Forgeries
  - Nimble (~> 6.1.0)
  - Nimble-Snapshots/DynamicSize (from `../`)
  - Nimble-Snapshots/DynamicType (from `../`)
  - Quick (~> 1.1.0)

EXTERNAL SOURCES:
  FBSnapshotTestCase:
    :git: https://github.com/facebook/ios-snapshot-test-case.git
  Nimble-Snapshots:
    :path: "../"

CHECKOUT OPTIONS:
  FBSnapshotTestCase:
    :commit: c1808fb4435ffc3db2203e7623935f39fc31aa8f
    :git: https://github.com/facebook/ios-snapshot-test-case.git

SPEC CHECKSUMS:
  FBSnapshotTestCase: 094f9f314decbabe373b87cc339bea235a63e07a
  Forgeries: 64ced144ea8341d89a7eec9d1d7986f0f1366250
  Nimble: c53e6903fee94041b90ded74f135820437d8bf59
  Nimble-Snapshots: 8b21e0d72c0e2a532782ee57f4f83d13ab1ca251
  OCMock: 35ae71d6a8fcc1b59434d561d1520b9dd4f15765
  Quick: dafc587e21eed9f4cab3249b9f9015b0b7a7f71d

PODFILE CHECKSUM: 206301e00d9b7d4f66d75631eed31bed269c2a41

COCOAPODS: 1.2.1
